
Microsoft Visual Studio Solution File, Format Version 12.00
# Visual Studio 2012
Project("{FAE04EC0-301F-11D3-BF4B-00C04F79EFBC}") = "ImageListView", "ImageListView\ImageListView.csproj", "{A3694F1B-C569-4E4C-8413-3E2CE12C7B2C}"
EndProject
Project("{2150E333-8FDC-42A3-9474-1A3956D46DE8}") = ".nuget", ".nuget", "{D7C468B9-9019-4431-B4A6-16B3114C36FC}"
	ProjectSection(SolutionItems) = preProject
		.nuget\NuGet.Config = .nuget\NuGet.Config
		.nuget\NuGet.exe = .nuget\NuGet.exe
		.nuget\NuGet.targets = .nuget\NuGet.targets
	EndProjectSection
EndProject
Global
	GlobalSection(SolutionConfigurationPlatforms) = preSolution
		Debug|Any CPU = Debug|Any CPU
		Release|Any CPU = Release|Any CPU
	EndGlobalSection
	GlobalSection(ProjectConfigurationPlatforms) = postSolution
		{A3694F1B-C569-4E4C-8413-3E2CE12C7B2C}.Debug|Any CPU.ActiveCfg = Debug|Any CPU
		{A3694F1B-C569-4E4C-8413-3E2CE12C7B2C}.Debug|Any CPU.Build.0 = Debug|Any CPU
		{A3694F1B-C569-4E4C-8413-3E2CE12C7B2C}.Release|Any CPU.ActiveCfg = Release|Any CPU
		{A3694F1B-C569-4E4C-8413-3E2CE12C7B2C}.Release|Any CPU.Build.0 = Release|Any CPU
	EndGlobalSection
	GlobalSection(SolutionProperties) = preSolution
		HideSolutionNode = FALSE
	EndGlobalSection
EndGlobal
